lockVersion: 2.0.0
id: a5de1cdc-d174-4d63-a209-2b963fb8fd7e
management:
  docChecksum: f22d50ed7aa4956c14ae35514eb114c1
  docVersion: 1.0.0
  speakeasyVersion: 1.207.1
  generationVersion: 2.280.6
  releaseVersion: 0.8.1
  configChecksum: 0df2454b904cf4acf695296449a8e8ea
  repoURL: https://github.com/speakeasy-sdks/bar.git
  repoSubDirectory: .
  installationURL: https://github.com/speakeasy-sdks/bar
  published: true
features:
  go:
    callbacks: 1.0.0
    core: 3.4.4
    errors: 2.81.8
    examples: 2.81.3
    flattening: 2.81.1
    globalSecurity: 2.82.8
    globalServerURLs: 2.82.2
    inputOutputModels: 2.83.0
    methodSecurity: 2.82.2
    methodServerURLs: 2.82.1
    responseFormat: 0.1.0
    retries: 2.82.2
    serverIDs: 2.81.1
    webhooks: 1.0.0
generatedFiles:
  - authentication.go
  - drinks.go
  - ingredients.go
  - orders.go
  - config.go
  - speakeasy.go
  - go.mod
  - /sdkerror.go
  - types/bigint.go
  - types/date.go
  - types/datetime.go
  - types/decimal.go
  - types/pointers.go
  - internal/utils/contenttype.go
  - internal/utils/form.go
  - internal/utils/headers.go
  - internal/utils/json.go
  - internal/utils/pathparams.go
  - internal/utils/queryparams.go
  - internal/utils/requestbody.go
  - internal/utils/retries.go
  - internal/utils/security.go
  - internal/utils/utils.go
  - /loginop.go
  - /error.go
  - /apierror.go
  - /listdrinksop.go
  - /drink.go
  - /drinktype.go
  - /getdrinkop.go
  - /listingredientsop.go
  - /ingredient.go
  - /ingredienttype.go
  - /createorderop.go
  - /order.go
  - /ordertype.go
  - /orderinput.go
  - /subscribetowebhooksop.go
  - /badrequest.go
  - /security.go
  - /stockupdate.go
  - /ingredientinput.go
  - /drinkinput.go
  - docs/loginsecurity.md
  - docs/type.md
  - docs/loginrequestbody.md
  - docs/loginresponsebody.md
  - docs/loginresponse.md
  - docs/error.md
  - docs/apierror.md
  - docs/listdrinksrequest.md
  - docs/listdrinksresponse.md
  - docs/drink.md
  - docs/drinktype.md
  - docs/getdrinkrequest.md
  - docs/getdrinkresponse.md
  - docs/listingredientsrequest.md
  - docs/listingredientsresponse.md
  - docs/ingredient.md
  - docs/ingredienttype.md
  - docs/createorderorderupdateresponse.md
  - docs/createorderorderupdaterequestbody.md
  - docs/createorderrequest.md
  - docs/createorderresponse.md
  - docs/status.md
  - docs/order.md
  - docs/ordertype.md
  - docs/orderinput.md
  - docs/webhook.md
  - docs/requestbody.md
  - docs/subscribetowebhooksresponse.md
  - docs/badrequest.md
  - docs/security.md
  - docs/stockupdateresponse.md
  - docs/stockupdaterequestbody.md
  - docs/ingredientinput.md
  - docs/drinkinput.md
  - docs/sdks/speakeasy/README.md
  - docs/sdks/authentication/README.md
  - docs/option.md
  - docs/sdks/drinks/README.md
  - docs/sdks/ingredients/README.md
  - docs/sdks/orders/README.md
  - docs/sdks/config/README.md
  - USAGE.md
  - options.go
  - .gitattributes
  - internal/hooks/hooks.go
